PODS:
  - Dodo (13.0.0)
  - SwiftLint (0.45.0)

DEPENDENCIES:
  - Dodo (~> 13.0)
  - SwiftLint

SPEC REPOS:
  trunk:
    - Dodo
    - SwiftLint

SPEC CHECKSUMS:
  Dodo: e13a732c6f95b48fbf7001d483c0f4ee967a78dd
  SwiftLint: e5c7f1fba68eccfc51509d5b2ce1699f5502e0c7

PODFILE CHECKSUM: 43301bacb613e5a97f1daad62218eb7da4a6970c

COCOAPODS: 1.11.2
